
Microsoft Visual Studio Solution File, Format Version 12.00
# Visual Studio Version 17
VisualStudioVersion = 17.1.32228.430
MinimumVisualStudioVersion = 10.0.40219.1
Project("{2150E333-8FDC-42A3-9474-1A3956D46DE8}") = "Tests", "Tests", "{12D2991B-2917-4A26-A380-C89FCEC2B790}"
EndProject
Project("{9A19103F-16F7-4668-BE54-9A1E7A4F7556}") = "Valhalla.Modules.Infrastructure", "src\Modules\Valhalla.Modules.Infrastructure\Valhalla.Modules.Infrastructure.csproj", "{61BB821F-E07C-4629-94CF-1A90BFFAA989}"
EndProject
Project("{9A19103F-16F7-4668-BE54-9A1E7A4F7556}") = "Valhalla.Tests", "test\Valhalla.Tests\Valhalla.Tests.csproj", "{8FB818E5-3E2E-4E08-B3CF-7E59DFECD24D}"
EndProject
Project("{9A19103F-16F7-4668-BE54-9A1E7A4F7556}") = "Valhalla.Modules.Domain", "src\Modules\Valhalla.Modules.Domain\Valhalla.Modules.Domain.csproj", "{89BAC00D-B971-435A-B95C-7C56740B1230}"
EndProject
Project("{9A19103F-16F7-4668-BE54-9A1E7A4F7556}") = "Valhalla.Modules.Application", "src\Modules\Valhalla.Modules.Application\Valhalla.Modules.Application.csproj", "{2DB97140-F6D2-48D0-8A61-DEF90B58280C}"
EndProject
Project("{2150E333-8FDC-42A3-9474-1A3956D46DE8}") = "Ports", "Ports", "{382DBDE6-5A84-4D00-8437-FDB3C4F635D8}"
EndProject
Project("{2150E333-8FDC-42A3-9474-1A3956D46DE8}") = "Adapters", "Adapters", "{6B1201CA-8A42-4377-AAC4-72A959A02048}"
EndProject
Project("{2150E333-8FDC-42A3-9474-1A3956D46DE8}") = "Core", "Core", "{8C3930B2-738A-40EE-8AC6-B2FFC01432D6}"
EndProject
Project("{9A19103F-16F7-4668-BE54-9A1E7A4F7556}") = "Valhalla.Adapters.KafkaStreaming", "src\Adapters\Valhalla.Adapters.KafkaStreaming\Valhalla.Adapters.KafkaStreaming.csproj", "{3220F572-0551-463F-AAA2-94F27CA9E4A7}"
EndProject
Project("{9A19103F-16F7-4668-BE54-9A1E7A4F7556}") = "Valhalla.Adapters.SqlServerDataAccess", "src\Adapters\Valhalla.Adapters.SqlServerDataAccess\Valhalla.Adapters.SqlServerDataAccess.csproj", "{5966B209-1D76-4C44-928C-A4A12487E905}"
EndProject
Project("{9A19103F-16F7-4668-BE54-9A1E7A4F7556}") = "Valhalla.Ports.OrderConsumerAPI", "src\Services\Valhalla.Ports.OrderConsumerAPI\Valhalla.Ports.OrderConsumerAPI.csproj", "{FCEFE4B7-DD7F-4D17-AAAE-7C90D5E70471}"
EndProject
Project("{9A19103F-16F7-4668-BE54-9A1E7A4F7556}") = "Valhalla.Ports.OrderAPI", "src\Services\Valhalla.Ports.API\Valhalla.Ports.OrderAPI.csproj", "{05030313-67B5-4D2B-8745-8777FC3B4D42}"
EndProject
Project("{FAE04EC0-301F-11D3-BF4B-00C04F79EFBC}") = "Valhalla.Adapters.ServiceBus", "src\Adapters\Valhalla.Adapters.ServiceBus\Valhalla.Adapters.ServiceBus.csproj", "{29A1C314-25F0-47B6-AB63-9EE66DDE7CE7}"
EndProject
Project("{2150E333-8FDC-42A3-9474-1A3956D46DE8}") = "Workers", "Workers", "{07E75811-6F70-432C-9CEF-23D194F6FC18}"
EndProject
Project("{2150E333-8FDC-42A3-9474-1A3956D46DE8}") = "ServiceBusWorker", "ServiceBusWorker", "{4338E4FE-644E-4867-93EC-7399B185A1C2}"
EndProject
Project("{FAE04EC0-301F-11D3-BF4B-00C04F79EFBC}") = "Valhalla.Ports.Workers.ServiceBus.QueueReceiver", "src\Services\Valhalla.Ports.Workers.ServiceBus.QueueReceiver\Valhalla.Ports.Workers.ServiceBus.QueueReceiver.csproj", "{FA57B2A0-265F-46FB-893D-EC36F568547B}"
EndProject
Global
	GlobalSection(SolutionConfigurationPlatforms) = preSolution
		Debug|Any CPU = Debug|Any CPU
		Release|Any CPU = Release|Any CPU
	EndGlobalSection
	GlobalSection(ProjectConfigurationPlatforms) = postSolution
		{61BB821F-E07C-4629-94CF-1A90BFFAA989}.Debug|Any CPU.ActiveCfg = Debug|Any CPU
		{61BB821F-E07C-4629-94CF-1A90BFFAA989}.Debug|Any CPU.Build.0 = Debug|Any CPU
		{61BB821F-E07C-4629-94CF-1A90BFFAA989}.Release|Any CPU.ActiveCfg = Release|Any CPU
		{61BB821F-E07C-4629-94CF-1A90BFFAA989}.Release|Any CPU.Build.0 = Release|Any CPU
		{8FB818E5-3E2E-4E08-B3CF-7E59DFECD24D}.Debug|Any CPU.ActiveCfg = Debug|Any CPU
		{8FB818E5-3E2E-4E08-B3CF-7E59DFECD24D}.Debug|Any CPU.Build.0 = Debug|Any CPU
		{8FB818E5-3E2E-4E08-B3CF-7E59DFECD24D}.Release|Any CPU.ActiveCfg = Release|Any CPU
		{8FB818E5-3E2E-4E08-B3CF-7E59DFECD24D}.Release|Any CPU.Build.0 = Release|Any CPU
		{89BAC00D-B971-435A-B95C-7C56740B1230}.Debug|Any CPU.ActiveCfg = Debug|Any CPU
		{89BAC00D-B971-435A-B95C-7C56740B1230}.Debug|Any CPU.Build.0 = Debug|Any CPU
		{89BAC00D-B971-435A-B95C-7C56740B1230}.Release|Any CPU.ActiveCfg = Release|Any CPU
		{89BAC00D-B971-435A-B95C-7C56740B1230}.Release|Any CPU.Build.0 = Release|Any CPU
		{2DB97140-F6D2-48D0-8A61-DEF90B58280C}.Debug|Any CPU.ActiveCfg = Debug|Any CPU
		{2DB97140-F6D2-48D0-8A61-DEF90B58280C}.Debug|Any CPU.Build.0 = Debug|Any CPU
		{2DB97140-F6D2-48D0-8A61-DEF90B58280C}.Release|Any CPU.ActiveCfg = Release|Any CPU
		{2DB97140-F6D2-48D0-8A61-DEF90B58280C}.Release|Any CPU.Build.0 = Release|Any CPU
		{3220F572-0551-463F-AAA2-94F27CA9E4A7}.Debug|Any CPU.ActiveCfg = Debug|Any CPU
		{3220F572-0551-463F-AAA2-94F27CA9E4A7}.Debug|Any CPU.Build.0 = Debug|Any CPU
		{3220F572-0551-463F-AAA2-94F27CA9E4A7}.Release|Any CPU.ActiveCfg = Release|Any CPU
		{3220F572-0551-463F-AAA2-94F27CA9E4A7}.Release|Any CPU.Build.0 = Release|Any CPU
		{5966B209-1D76-4C44-928C-A4A12487E905}.Debug|Any CPU.ActiveCfg = Debug|Any CPU
		{5966B209-1D76-4C44-928C-A4A12487E905}.Debug|Any CPU.Build.0 = Debug|Any CPU
		{5966B209-1D76-4C44-928C-A4A12487E905}.Release|Any CPU.ActiveCfg = Release|Any CPU
		{5966B209-1D76-4C44-928C-A4A12487E905}.Release|Any CPU.Build.0 = Release|Any CPU
		{FCEFE4B7-DD7F-4D17-AAAE-7C90D5E70471}.Debug|Any CPU.ActiveCfg = Debug|Any CPU
		{FCEFE4B7-DD7F-4D17-AAAE-7C90D5E70471}.Debug|Any CPU.Build.0 = Debug|Any CPU
		{FCEFE4B7-DD7F-4D17-AAAE-7C90D5E70471}.Release|Any CPU.ActiveCfg = Release|Any CPU
		{FCEFE4B7-DD7F-4D17-AAAE-7C90D5E70471}.Release|Any CPU.Build.0 = Release|Any CPU
		{05030313-67B5-4D2B-8745-8777FC3B4D42}.Debug|Any CPU.ActiveCfg = Debug|Any CPU
		{05030313-67B5-4D2B-8745-8777FC3B4D42}.Debug|Any CPU.Build.0 = Debug|Any CPU
		{05030313-67B5-4D2B-8745-8777FC3B4D42}.Release|Any CPU.ActiveCfg = Release|Any CPU
		{05030313-67B5-4D2B-8745-8777FC3B4D42}.Release|Any CPU.Build.0 = Release|Any CPU
		{29A1C314-25F0-47B6-AB63-9EE66DDE7CE7}.Debug|Any CPU.ActiveCfg = Debug|Any CPU
		{29A1C314-25F0-47B6-AB63-9EE66DDE7CE7}.Debug|Any CPU.Build.0 = Debug|Any CPU
		{29A1C314-25F0-47B6-AB63-9EE66DDE7CE7}.Release|Any CPU.ActiveCfg = Release|Any CPU
		{29A1C314-25F0-47B6-AB63-9EE66DDE7CE7}.Release|Any CPU.Build.0 = Release|Any CPU
		{FA57B2A0-265F-46FB-893D-EC36F568547B}.Debug|Any CPU.ActiveCfg = Debug|Any CPU
		{FA57B2A0-265F-46FB-893D-EC36F568547B}.Debug|Any CPU.Build.0 = Debug|Any CPU
		{FA57B2A0-265F-46FB-893D-EC36F568547B}.Release|Any CPU.ActiveCfg = Release|Any CPU
		{FA57B2A0-265F-46FB-893D-EC36F568547B}.Release|Any CPU.Build.0 = Release|Any CPU
	EndGlobalSection
	GlobalSection(SolutionProperties) = preSolution
		HideSolutionNode = FALSE
	EndGlobalSection
	GlobalSection(NestedProjects) = preSolution
		{61BB821F-E07C-4629-94CF-1A90BFFAA989} = {8C3930B2-738A-40EE-8AC6-B2FFC01432D6}
		{8FB818E5-3E2E-4E08-B3CF-7E59DFECD24D} = {12D2991B-2917-4A26-A380-C89FCEC2B790}
		{89BAC00D-B971-435A-B95C-7C56740B1230} = {8C3930B2-738A-40EE-8AC6-B2FFC01432D6}
		{2DB97140-F6D2-48D0-8A61-DEF90B58280C} = {8C3930B2-738A-40EE-8AC6-B2FFC01432D6}
		{3220F572-0551-463F-AAA2-94F27CA9E4A7} = {6B1201CA-8A42-4377-AAC4-72A959A02048}
		{5966B209-1D76-4C44-928C-A4A12487E905} = {6B1201CA-8A42-4377-AAC4-72A959A02048}
		{FCEFE4B7-DD7F-4D17-AAAE-7C90D5E70471} = {382DBDE6-5A84-4D00-8437-FDB3C4F635D8}
		{05030313-67B5-4D2B-8745-8777FC3B4D42} = {382DBDE6-5A84-4D00-8437-FDB3C4F635D8}
		{29A1C314-25F0-47B6-AB63-9EE66DDE7CE7} = {6B1201CA-8A42-4377-AAC4-72A959A02048}
		{4338E4FE-644E-4867-93EC-7399B185A1C2} = {07E75811-6F70-432C-9CEF-23D194F6FC18}
		{FA57B2A0-265F-46FB-893D-EC36F568547B} = {4338E4FE-644E-4867-93EC-7399B185A1C2}
	EndGlobalSection
	GlobalSection(ExtensibilityGlobals) = postSolution
		SolutionGuid = {7E327B6B-06DF-40F1-A108-0B8BB272B97A}
	EndGlobalSection
EndGlobal
